// !$*UTF8*$!
{
	archiveVersion = 1;
	classes = {
	};
	objectVersion = 56;
	objects = {

/* Begin PBXBuildFile section */
		CA5AA5622C2B5F4B00D4F09D /* FetchiOSExerciseApp.swift in Sources */ = {isa = PBXBuildFile; fileRef = CA5AA5612C2B5F4B00D4F09D /* FetchiOSExerciseApp.swift */; };
		CA5AA5642C2B5F4B00D4F09D /* ContentView.swift in Sources */ = {isa = PBXBuildFile; fileRef = CA5AA5632C2B5F4B00D4F09D /* ContentView.swift */; };
		CA5AA5662C2B5F4C00D4F09D /* Assets.xcassets in Resources */ = {isa = PBXBuildFile; fileRef = CA5AA5652C2B5F4C00D4F09D /* Assets.xcassets */; };
		CA5AA5692C2B5F4C00D4F09D /* Preview Assets.xcassets in Resources */ = {isa = PBXBuildFile; fileRef = CA5AA5682C2B5F4C00D4F09D /* Preview Assets.xcassets */; };
		CA5AA5732C2B609600D4F09D /* MealModel.swift in Sources */ = {isa = PBXBuildFile; fileRef = CA5AA5722C2B609600D4F09D /* MealModel.swift */; };
		CA5AA5752C2B618300D4F09D /* MealsViewModel.swift in Sources */ = {isa = PBXBuildFile; fileRef = CA5AA5742C2B618300D4F09D /* MealsViewModel.swift */; };
		CA5AA5772C2B640300D4F09D /* MealRow.swift in Sources */ = {isa = PBXBuildFile; fileRef = CA5AA5762C2B640300D4F09D /* MealRow.swift */; };
		CA5AA5792C2B654C00D4F09D /* MealDetailView.swift in Sources */ = {isa = PBXBuildFile; fileRef = CA5AA5782C2B654C00D4F09D /* MealDetailView.swift */; };
/* End PBXBuildFile section */

/* Begin PBXFileReference section */
		CA5AA55E2C2B5F4B00D4F09D /* FetchiOSExercise.app */ = {isa = PBXFileReference; explicitFileType = wrapper.application; includeInIndex = 0; path = FetchiOSExercise.app; sourceTree = BUILT_PRODUCTS_DIR; };
		CA5AA5612C2B5F4B00D4F09D /* FetchiOSExerciseApp.swift */ = {isa = PBXFileReference; lastKnownFileType = sourcecode.swift; path = FetchiOSExerciseApp.swift; sourceTree = "<group>"; };
		CA5AA5632C2B5F4B00D4F09D /* ContentView.swift */ = {isa = PBXFileReference; lastKnownFileType = sourcecode.swift; path = ContentView.swift; sourceTree = "<group>"; };
		CA5AA5652C2B5F4C00D4F09D /* Assets.xcassets */ = {isa = PBXFileReference; lastKnownFileType = folder.assetcatalog; path = Assets.xcassets; sourceTree = "<group>"; };
		CA5AA5682C2B5F4C00D4F09D /* Preview Assets.xcassets */ = {isa = PBXFileReference; lastKnownFileType = folder.assetcatalog; path = "Preview Assets.xcassets"; sourceTree = "<group>"; };
		CA5AA5722C2B609600D4F09D /* MealModel.swift */ = {isa = PBXFileReference; lastKnownFileType = sourcecode.swift; path = MealModel.swift; sourceTree = "<group>"; };
		CA5AA5742C2B618300D4F09D /* MealsViewModel.swift */ = {isa = PBXFileReference; lastKnownFileType = sourcecode.swift; path = MealsViewModel.swift; sourceTree = "<group>"; };
		CA5AA5762C2B640300D4F09D /* MealRow.swift */ = {isa = PBXFileReference; lastKnownFileType = sourcecode.swift; path = MealRow.swift; sourceTree = "<group>"; };
		CA5AA5782C2B654C00D4F09D /* MealDetailView.swift */ = {isa = PBXFileReference; lastKnownFileType = sourcecode.swift; path = MealDetailView.swift; sourceTree = "<group>"; };
/* End PBXFileReference section */

/* Begin PBXFrameworksBuildPhase section */
		CA5AA55B2C2B5F4B00D4F09D /* Frameworks */ = {
			isa = PBXFrameworksBuildPhase;
			buildActionMask = 2147483647;
			files = (
			);
			runOnlyForDeploymentPostprocessing = 0;
		};
/* End PBXFrameworksBuildPhase section */

/* Begin PBXGroup section */
		CA5AA5552C2B5F4B00D4F09D = {
			isa = PBXGroup;
			children = (
				CA5AA5602C2B5F4B00D4F09D /* FetchiOSExercise */,
				CA5AA55F2C2B5F4B00D4F09D /* Products */,
			);
			sourceTree = "<group>";
		};
		CA5AA55F2C2B5F4B00D4F09D /* Products */ = {
			isa = PBXGroup;
			children = (
				CA5AA55E2C2B5F4B00D4F09D /* FetchiOSExercise.app */,
			);
			name = Products;
			sourceTree = "<group>";
		};
		CA5AA5602C2B5F4B00D4F09D /* FetchiOSExercise */ = {
			isa = PBXGroup;
			children = (
				CA5AA5612C2B5F4B00D4F09D /* FetchiOSExerciseApp.swift */,
				CA5AA5712C2B5FAC00D4F09D /* Model */,
				CA5AA56F2C2B5F9700D4F09D /* View */,
				CA5AA5702C2B5FA100D4F09D /* ViewModel */,
				CA5AA5652C2B5F4C00D4F09D /* Assets.xcassets */,
				CA5AA5672C2B5F4C00D4F09D /* Preview Content */,
			);
			path = FetchiOSExercise;
			sourceTree = "<group>";
		};
		CA5AA5672C2B5F4C00D4F09D /* Preview Content */ = {
			isa = PBXGroup;
			children = (
				CA5AA5682C2B5F4C00D4F09D /* Preview Assets.xcassets */,
			);
			path = "Preview Content";
			sourceTree = "<group>";
		};
		CA5AA56F2C2B5F9700D4F09D /* View */ = {
			isa = PBXGroup;
			children = (
				CA5AA5632C2B5F4B00D4F09D /* ContentView.swift */,
				CA5AA5762C2B640300D4F09D /* MealRow.swift */,
				CA5AA5782C2B654C00D4F09D /* MealDetailView.swift */,
			);
			path = View;
			sourceTree = "<group>";
		};
		CA5AA5702C2B5FA100D4F09D /* ViewModel */ = {
			isa = PBXGroup;
			children = (
				CA5AA5742C2B618300D4F09D /* MealsViewModel.swift */,
			);
			path = ViewModel;
			sourceTree = "<group>";
		};
		CA5AA5712C2B5FAC00D4F09D /* Model */ = {
			isa = PBXGroup;
			children = (
				CA5AA5722C2B609600D4F09D /* MealModel.swift */,
			);
			path = Model;
			sourceTree = "<group>";
		};
/* End PBXGroup section */

/* Begin PBXNativeTarget section */
		CA5AA55D2C2B5F4B00D4F09D /* FetchiOSExercise */ = {
			isa = PBXNativeTarget;
			buildConfigurationList = CA5AA56C2C2B5F4C00D4F09D /* Build configuration list for PBXNativeTarget "FetchiOSExercise" */;
			buildPhases = (
				CA5AA55A2C2B5F4B00D4F09D /* Sources */,
				CA5AA55B2C2B5F4B00D4F09D /* Frameworks */,
				CA5AA55C2C2B5F4B00D4F09D /* Resources */,
			);
			buildRules = (
			);
			dependencies = (
			);
			name = FetchiOSExercise;
			productName = FetchiOSExercise;
			productReference = CA5AA55E2C2B5F4B00D4F09D /* FetchiOSExercise.app */;
			productType = "com.apple.product-type.application";
		};
/* End PBXNativeTarget section */

/* Begin PBXProject section */
		CA5AA5562C2B5F4B00D4F09D /* Project object */ = {
			isa = PBXProject;
			attributes = {
				BuildIndependentTargetsInParallel = 1;
				LastSwiftUpdateCheck = 1540;
				LastUpgradeCheck = 1540;
				TargetAttributes = {
					CA5AA55D2C2B5F4B00D4F09D = {
						CreatedOnToolsVersion = 15.4;
					};
				};
			};
			buildConfigurationList = CA5AA5592C2B5F4B00D4F09D /* Build configuration list for PBXProject "FetchiOSExercise" */;
			compatibilityVersion = "Xcode 14.0";
			developmentRegion = en;
			hasScannedForEncodings = 0;
			knownRegions = (
				en,
				Base,
			);
			mainGroup = CA5AA5552C2B5F4B00D4F09D;
			productRefGroup = CA5AA55F2C2B5F4B00D4F09D /* Products */;
			projectDirPath = "";
			projectRoot = "";
			targets = (
				CA5AA55D2C2B5F4B00D4F09D /* FetchiOSExercise */,
			);
		};
/* End PBXProject section */

/* Begin PBXResourcesBuildPhase section */
		CA5AA55C2C2B5F4B00D4F09D /* Resources */ = {
			isa = PBXResourcesBuildPhase;
			buildActionMask = 2147483647;
			files = (
				CA5AA5692C2B5F4C00D4F09D /* Preview Assets.xcassets in Resources */,
				CA5AA5662C2B5F4C00D4F09D /* Assets.xcassets in Resources */,
			);
			runOnlyForDeploymentPostprocessing = 0;
		};
/* End PBXResourcesBuildPhase section */

/* Begin PBXSourcesBuildPhase section */
		CA5AA55A2C2B5F4B00D4F09D /* Sources */ = {
			isa = PBXSourcesBuildPhase;
			buildActionMask = 2147483647;
			files = (
				CA5AA5792C2B654C00D4F09D /* MealDetailView.swift in Sources */,
				CA5AA5642C2B5F4B00D4F09D /* ContentView.swift in Sources */,
				CA5AA5752C2B618300D4F09D /* MealsViewModel.swift in Sources */,
				CA5AA5732C2B609600D4F09D /* MealModel.swift in Sources */,
				CA5AA5772C2B640300D4F09D /* MealRow.swift in Sources */,
				CA5AA5622C2B5F4B00D4F09D /* FetchiOSExerciseApp.swift in Sources */,
			);
			runOnlyForDeploymentPostprocessing = 0;
		};
/* End PBXSourcesBuildPhase section */

/* Begin XCBuildConfiguration section */
		CA5AA56A2C2B5F4C00D4F09D /* Debug */ = {
			isa = XCBuildConfiguration;
			buildSettings = {
				ALWAYS_SEARCH_USER_PATHS = NO;
				ASSETCATALOG_COMPILER_GENERATE_SWIFT_ASSET_SYMBOL_EXTENSIONS = YES;
				CLANG_ANALYZER_NONNULL = YES;
				CLANG_ANALYZER_NUMBER_OBJECT_CONVERSION = YES_AGGRESSIVE;
				CLANG_CXX_LANGUAGE_STANDARD = "gnu++20";
				CLANG_ENABLE_MODULES = YES;
				CLANG_ENABLE_OBJC_ARC = YES;
				CLANG_ENABLE_OBJC_WEAK = YES;
				CLANG_WARN_BLOCK_CAPTURE_AUTORELEASING = YES;
				CLANG_WARN_BOOL_CONVERSION = YES;
				CLANG_WARN_COMMA = YES;
				CLANG_WARN_CONSTANT_CONVERSION = YES;
				CLANG_WARN_DEPRECATED_OBJC_IMPLEMENTATIONS = YES;
				CLANG_WARN_DIRECT_OBJC_ISA_USAGE = YES_ERROR;
				CLANG_WARN_DOCUMENTATION_COMMENTS = YES;
				CLANG_WARN_EMPTY_BODY = YES;
				CLANG_WARN_ENUM_CONVERSION = YES;
				CLANG_WARN_INFINITE_RECURSION = YES;
				CLANG_WARN_INT_CONVERSION = YES;
				CLANG_WARN_NON_LITERAL_NULL_CONVERSION = YES;
				CLANG_WARN_OBJC_IMPLICIT_RETAIN_SELF = YES;
				CLANG_WARN_OBJC_LITERAL_CONVERSION = YES;
				CLANG_WARN_OBJC_ROOT_CLASS = YES_ERROR;
				CLANG_WARN_QUOTED_INCLUDE_IN_FRAMEWORK_HEADER = YES;
				CLANG_WARN_RANGE_LOOP_ANALYSIS = YES;
				CLANG_WARN_STRICT_PROTOTYPES = YES;
				CLANG_WARN_SUSPICIOUS_MOVE = YES;
				CLANG_WARN_UNGUARDED_AVAILABILITY = YES_AGGRESSIVE;
				CLANG_WARN_UNREACHABLE_CODE = YES;
				CLANG_WARN__DUPLICATE_METHOD_MATCH = YES;
				COPY_PHASE_STRIP = NO;
				DEBUG_INFORMATION_FORMAT = dwarf;
				ENABLE_STRICT_OBJC_MSGSEND = YES;
				ENABLE_TESTABILITY = YES;
				ENABLE_USER_SCRIPT_SANDBOXING = YES;
				GCC_C_LANGUAGE_STANDARD = gnu17;
				GCC_DYNAMIC_NO_PIC = NO;
				GCC_NO_COMMON_BLOCKS = YES;
				GCC_OPTIMIZATION_LEVEL = 0;
				GCC_PREPROCESSOR_DEFINITIONS = (
					"DEBUG=1",
					"$(inherited)",
				);
				GCC_WARN_64_TO_32_BIT_CONVERSION = YES;
				GCC_WARN_ABOUT_RETURN_TYPE = YES_ERROR;
				GCC_WARN_UNDECLARED_SELECTOR = YES;
				GCC_WARN_UNINITIALIZED_AUTOS = YES_AGGRESSIVE;
				GCC_WARN_UNUSED_FUNCTION = YES;
				GCC_WARN_UNUSED_VARIABLE = YES;
				IPHONEOS_DEPLOYMENT_TARGET = 17.5;
				LOCALIZATION_PREFERS_STRING_CATALOGS = YES;
				MTL_ENABLE_DEBUG_INFO = INCLUDE_SOURCE;
				MTL_FAST_MATH = YES;
				ONLY_ACTIVE_ARCH = YES;
				SDKROOT = iphoneos;
				SWIFT_ACTIVE_COMPILATION_CONDITIONS = "DEBUG $(inherited)";
				SWIFT_OPTIMIZATION_LEVEL = "-Onone";
			};
			name = Debug;
		};
		CA5AA56B2C2B5F4C00D4F09D /* Release */ = {
			isa = XCBuildConfiguration;
			buildSettings = {
				ALWAYS_SEARCH_USER_PATHS = NO;
				ASSETCATALOG_COMPILER_GENERATE_SWIFT_ASSET_SYMBOL_EXTENSIONS = YES;
				CLANG_ANALYZER_NONNULL = YES;
				CLANG_ANALYZER_NUMBER_OBJECT_CONVERSION = YES_AGGRESSIVE;
				CLANG_CXX_LANGUAGE_STANDARD = "gnu++20";
				CLANG_ENABLE_MODULES = YES;
				CLANG_ENABLE_OBJC_ARC = YES;
				CLANG_ENABLE_OBJC_WEAK = YES;
				CLANG_WARN_BLOCK_CAPTURE_AUTORELEASING = YES;
				CLANG_WARN_BOOL_CONVERSION = YES;
				CLANG_WARN_COMMA = YES;
				CLANG_WARN_CONSTANT_CONVERSION = YES;
				CLANG_WARN_DEPRECATED_OBJC_IMPLEMENTATIONS = YES;
				CLANG_WARN_DIRECT_OBJC_ISA_USAGE = YES_ERROR;
				CLANG_WARN_DOCUMENTATION_COMMENTS = YES;
				CLANG_WARN_EMPTY_BODY = YES;
				CLANG_WARN_ENUM_CONVERSION = YES;
				CLANG_WARN_INFINITE_RECURSION = YES;
				CLANG_WARN_INT_CONVERSION = YES;
				CLANG_WARN_NON_LITERAL_NULL_CONVERSION = YES;
				CLANG_WARN_OBJC_IMPLICIT_RETAIN_SELF = YES;
				CLANG_WARN_OBJC_LITERAL_CONVERSION = YES;
				CLANG_WARN_OBJC_ROOT_CLASS = YES_ERROR;
				CLANG_WARN_QUOTED_INCLUDE_IN_FRAMEWORK_HEADER = YES;
				CLANG_WARN_RANGE_LOOP_ANALYSIS = YES;
				CLANG_WARN_STRICT_PROTOTYPES = YES;
				CLANG_WARN_SUSPICIOUS_MOVE = YES;
				CLANG_WARN_UNGUARDED_AVAILABILITY = YES_AGGRESSIVE;
				CLANG_WARN_UNREACHABLE_CODE = YES;
				CLANG_WARN__DUPLICATE_METHOD_MATCH = YES;
				COPY_PHASE_STRIP = NO;
				DEBUG_INFORMATION_FORMAT = "dwarf-with-dsym";
				ENABLE_NS_ASSERTIONS = NO;
				ENABLE_STRICT_OBJC_MSGSEND = YES;
				ENABLE_USER_SCRIPT_SANDBOXING = YES;
				GCC_C_LANGUAGE_STANDARD = gnu17;
				GCC_NO_COMMON_BLOCKS = YES;
				GCC_WARN_64_TO_32_BIT_CONVERSION = YES;
				GCC_WARN_ABOUT_RETURN_TYPE = YES_ERROR;
				GCC_WARN_UNDECLARED_SELECTOR = YES;
				GCC_WARN_UNINITIALIZED_AUTOS = YES_AGGRESSIVE;
				GCC_WARN_UNUSED_FUNCTION = YES;
				GCC_WARN_UNUSED_VARIABLE = YES;
				IPHONEOS_DEPLOYMENT_TARGET = 17.5;
				LOCALIZATION_PREFERS_STRING_CATALOGS = YES;
				MTL_ENABLE_DEBUG_INFO = NO;
				MTL_FAST_MATH = YES;
				SDKROOT = iphoneos;
				SWIFT_COMPILATION_MODE = wholemodule;
				VALIDATE_PRODUCT = YES;
			};
			name = Release;
		};
		CA5AA56D2C2B5F4C00D4F09D /* Debug */ = {
			isa = XCBuildConfiguration;
			buildSettings = {
				ASSETCATALOG_COMPILER_APPICON_NAME = AppIcon;
				ASSETCATALOG_COMPILER_GLOBAL_ACCENT_COLOR_NAME = AccentColor;
				CODE_SIGN_STYLE = Automatic;
				CURRENT_PROJECT_VERSION = 1;
				DEVELOPMENT_ASSET_PATHS = "\"FetchiOSExercise/Preview Content\"";
				DEVELOPMENT_TEAM = GM8D76N26T;
				ENABLE_PREVIEWS = YES;
				GENERATE_INFOPLIST_FILE = YES;
				INFOPLIST_KEY_UIApplicationSceneManifest_Generation = YES;
				INFOPLIST_KEY_UIApplicationSupportsIndirectInputEvents = YES;
				INFOPLIST_KEY_UILaunchScreen_Generation = YES;
				INFOPLIST_KEY_UISupportedInterfaceOrientations_iPad = "UIInterfaceOrientationPortrait UIInterfaceOrientationPortraitUpsideDown UIInterfaceOrientationLandscapeLeft UIInterfaceOrientationLandscapeRight";
				INFOPLIST_KEY_UISupportedInterfaceOrientations_iPhone = "UIInterfaceOrientationPortrait UIInterfaceOrientationLandscapeLeft UIInterfaceOrientationLandscapeRight";
				LD_RUNPATH_SEARCH_PATHS = (
					"$(inherited)",
					"@executable_path/Frameworks",
				);
				MARKETING_VERSION = 1.0;
				PRODUCT_BUNDLE_IDENTIFIER = com.KJDev.FetchiOSExercise;
				PRODUCT_NAME = "$(TARGET_NAME)";
				SWIFT_EMIT_LOC_STRINGS = YES;
				SWIFT_VERSION = 5.0;
				TARGETED_DEVICE_FAMILY = "1,2";
			};
			name = Debug;
		};
		CA5AA56E2C2B5F4C00D4F09D /* Release */ = {
			isa = XCBuildConfiguration;
			buildSettings = {
				ASSETCATALOG_COMPILER_APPICON_NAME = AppIcon;
				ASSETCATALOG_COMPILER_GLOBAL_ACCENT_COLOR_NAME = AccentColor;
				CODE_SIGN_STYLE = Automatic;
				CURRENT_PROJECT_VERSION = 1;
				DEVELOPMENT_ASSET_PATHS = "\"FetchiOSExercise/Preview Content\"";
				DEVELOPMENT_TEAM = GM8D76N26T;
				ENABLE_PREVIEWS = YES;
				GENERATE_INFOPLIST_FILE = YES;
				INFOPLIST_KEY_UIApplicationSceneManifest_Generation = YES;
				INFOPLIST_KEY_UIApplicationSupportsIndirectInputEvents = YES;
				INFOPLIST_KEY_UILaunchScreen_Generation = YES;
				INFOPLIST_KEY_UISupportedInterfaceOrientations_iPad = "UIInterfaceOrientationPortrait UIInterfaceOrientationPortraitUpsideDown UIInterfaceOrientationLandscapeLeft UIInterfaceOrientationLandscapeRight";
				INFOPLIST_KEY_UISupportedInterfaceOrientations_iPhone = "UIInterfaceOrientationPortrait UIInterfaceOrientationLandscapeLeft UIInterfaceOrientationLandscapeRight";
				LD_RUNPATH_SEARCH_PATHS = (
					"$(inherited)",
					"@executable_path/Frameworks",
				);
				MARKETING_VERSION = 1.0;
				PRODUCT_BUNDLE_IDENTIFIER = com.KJDev.FetchiOSExercise;
				PRODUCT_NAME = "$(TARGET_NAME)";
				SWIFT_EMIT_LOC_STRINGS = YES;
				SWIFT_VERSION = 5.0;
				TARGETED_DEVICE_FAMILY = "1,2";
			};
			name = Release;
		};
/* End XCBuildConfiguration section */

/* Begin XCConfigurationList section */
		CA5AA5592C2B5F4B00D4F09D /* Build configuration list for PBXProject "FetchiOSExercise" */ = {
			isa = XCConfigurationList;
			buildConfigurations = (
				CA5AA56A2C2B5F4C00D4F09D /* Debug */,
				CA5AA56B2C2B5F4C00D4F09D /* Release */,
			);
			defaultConfigurationIsVisible = 0;
			defaultConfigurationName = Release;
		};
		CA5AA56C2C2B5F4C00D4F09D /* Build configuration list for PBXNativeTarget "FetchiOSExercise" */ = {
			isa = XCConfigurationList;
			buildConfigurations = (
				CA5AA56D2C2B5F4C00D4F09D /* Debug */,
				CA5AA56E2C2B5F4C00D4F09D /* Release */,
			);
			defaultConfigurationIsVisible = 0;
			defaultConfigurationName = Release;
		};
/* End XCConfigurationList section */
	};
	rootObject = CA5AA5562C2B5F4B00D4F09D /* Project object */;
}
